
Microsoft Visual Studio Solution File, Format Version 12.00
# Visual Studio 15
VisualStudioVersion = 15.0.28010.2041
MinimumVisualStudioVersion = 10.0.40219.1
Project("{2150E333-8FDC-42A3-9474-1A3956D46DE8}") = "Solution Items", "Solution Items", "{F7D3E0FB-9FE4-46FD-A7C4-3DCEB2C3A801}"
	ProjectSection(SolutionItems) = preProject
		.gitignore = .gitignore
		inprogress-readme.md = inprogress-readme.md
		NoEdgeCrypto.nuspec = NoEdgeCrypto.nuspec
	EndProjectSection
EndProject
Project("{9A19103F-16F7-4668-BE54-9A1E7A4F7556}") = "NoEdgeCrypto.Core", "NoEdgeCrypto.Core\NoEdgeCrypto.Core.csproj", "{83B2C76D-5B1F-4E55-9A9E-61BBD978101E}"
EndProject
Project("{9A19103F-16F7-4668-BE54-9A1E7A4F7556}") = "NoEdgeCrypto.Tests", "NoEdgeCrypto.Tests\NoEdgeCrypto.Tests.csproj", "{B2255260-2963-476D-B7EB-074F13040970}"
EndProject
Global
	GlobalSection(SolutionConfigurationPlatforms) = preSolution
		Debug|Any CPU = Debug|Any CPU
		Release|Any CPU = Release|Any CPU
	EndGlobalSection
	GlobalSection(ProjectConfigurationPlatforms) = postSolution
		{83B2C76D-5B1F-4E55-9A9E-61BBD978101E}.Debug|Any CPU.ActiveCfg = Debug|Any CPU
		{83B2C76D-5B1F-4E55-9A9E-61BBD978101E}.Debug|Any CPU.Build.0 = Debug|Any CPU
		{83B2C76D-5B1F-4E55-9A9E-61BBD978101E}.Release|Any CPU.ActiveCfg = Release|Any CPU
		{83B2C76D-5B1F-4E55-9A9E-61BBD978101E}.Release|Any CPU.Build.0 = Release|Any CPU
		{B2255260-2963-476D-B7EB-074F13040970}.Debug|Any CPU.ActiveCfg = Debug|Any CPU
		{B2255260-2963-476D-B7EB-074F13040970}.Debug|Any CPU.Build.0 = Debug|Any CPU
		{B2255260-2963-476D-B7EB-074F13040970}.Release|Any CPU.ActiveCfg = Release|Any CPU
		{B2255260-2963-476D-B7EB-074F13040970}.Release|Any CPU.Build.0 = Release|Any CPU
	EndGlobalSection
	GlobalSection(SolutionProperties) = preSolution
		HideSolutionNode = FALSE
	EndGlobalSection
	GlobalSection(ExtensibilityGlobals) = postSolution
		SolutionGuid = {1BE307E9-2DC0-46A4-91DF-7DDE471C9DD7}
	EndGlobalSection
EndGlobal
